# THIS IS AN AUTOGENERATED FILE. DO NOT EDIT THIS FILE DIRECTLY.
# yarn lockfile v1


"@babel/parser@^7.16.4":
  version "7.17.9"
  resolved "https://registry.yarnpkg.com/@babel/parser/-/parser-7.17.9.tgz#9c94189a6062f0291418ca021077983058e171ef"
  integrity sha512-vqUSBLP8dQHFPdPi9bc5GK9vRkYHJ49fsZdtoJ8EQ8ibpwk5rPKfvNIwChB0KVXcIjcepEBBd2VHC5r9Gy8ueg==

"@css-render/plugin-bem@^0.15.9":
  version "0.15.9"
  resolved "https://registry.yarnpkg.com/@css-render/plugin-bem/-/plugin-bem-0.15.9.tgz#204ccdb65fdfd293b8cbcf587c8f31633f41f513"
  integrity sha512-xASEmYIX91Pow7YPzpAZ0eyrRNINVX7j9ITNbLt88gJHRLap3P1dv3hTSLtUZTxYXVHTklZ/SfJQ9FIO3jRahg==

"@css-render/vue3-ssr@^0.15.7", "@css-render/vue3-ssr@^0.15.9":
  version "0.15.9"
  resolved "https://registry.yarnpkg.com/@css-render/vue3-ssr/-/vue3-ssr-0.15.9.tgz#59ce56a0ee417748845af9e29784235381f9b049"
  integrity sha512-b3wvEIZYjToOEAV/oUqVtcg+MPF/iSZB9VmVF7fMAAAfvVTc2kB4TZDhGZCMkGjGZxOUm1jia7q/Z9FJnJGLKw==

"@emotion/hash@~0.8.0":
  version "0.8.0"
  resolved "https://registry.yarnpkg.com/@emotion/hash/-/hash-0.8.0.tgz#bbbff68978fefdbe68ccb533bc8cbe1d1afb5413"
  integrity sha512-kBJtf7PH6aWwZ6fka3zQ0p6SBYzx4fl1LoZXE2RrnYST9Xljm7WfKJrU4g/Xr3Beg72MLrp1AWNUmuYJTL7Cow==

"@popperjs/core@^2.9.0":
  version "2.11.5"
  resolved "https://registry.yarnpkg.com/@popperjs/core/-/core-2.11.5.tgz#db5a11bf66bdab39569719555b0f76e138d7bd64"
  integrity sha512-9X2obfABZuDVLCgPK9aX0a/x4jaOEweTTWE2+9sr0Qqqevj2Uv5XorvusThmc9XGYpS9yI+fhh8RTafBtGposw==

"@tiptap/core@^2.0.0-beta.174":
  version "2.0.0-beta.174"
  resolved "https://registry.yarnpkg.com/@tiptap/core/-/core-2.0.0-beta.174.tgz#cfdf16b7d7401e4b255dc69147d784f5f537b942"
  integrity sha512-APQDto40PdvagG1HTwkKlieQS4Vp6GXNe7qgV1Qo2QCgJCLyxc/fXCTghtrOx0CQb+9JT7fjSLZxbSyUFXjx7Q==
  dependencies:
    "@types/prosemirror-commands" "^1.0.4"
    "@types/prosemirror-keymap" "^1.0.4"
    "@types/prosemirror-model" "^1.16.0"
    "@types/prosemirror-schema-list" "^1.0.3"
    "@types/prosemirror-state" "^1.2.8"
    "@types/prosemirror-transform" "^1.1.5"
    "@types/prosemirror-view" "^1.23.1"
    prosemirror-commands "^1.2.1"
    prosemirror-keymap "^1.1.5"
    prosemirror-model "^1.16.1"
    prosemirror-schema-list "^1.1.6"
    prosemirror-state "^1.3.4"
    prosemirror-transform "^1.3.3"
    prosemirror-view "^1.23.6"

"@tiptap/extension-blockquote@^2.0.0-beta.26":
  version "2.0.0-beta.26"
  resolved "https://registry.yarnpkg.com/@tiptap/extension-blockquote/-/extension-blockquote-2.0.0-beta.26.tgz#e5ae4b7bd9376db37407a23e22080c7b11287f3b"
  integrity sha512-A6yjcYovONJfOjQFk6vDYXswaCdCtCwjL7w9VTB0R2DLTuJvvRt9DWN0IDcMrj5G+aMgDq4GUUTitv+2Y8krDg==

"@tiptap/extension-bold@^2.0.0-beta.26":
  version "2.0.0-beta.26"
  resolved "https://registry.yarnpkg.com/@tiptap/extension-bold/-/extension-bold-2.0.0-beta.26.tgz#aa1c7850df28cec8e0614fde437183bd4ae3e66b"
  integrity sha512-pnO0I5sEQM3pmowjMGQ74adLzvc6HqGyLyqMizaGMicPu9uTYlSdId+qckYEEgPwPMaEShtv2Vg+ZHs7KVqfcg==

"@tiptap/extension-bubble-menu@^2.0.0-beta.55":
  version "2.0.0-beta.55"
  resolved "https://registry.yarnpkg.com/@tiptap/extension-bubble-menu/-/extension-bubble-menu-2.0.0-beta.55.tgz#a26ad892cea6af9eeada22235701b06d0921af48"
  integrity sha512-v32/QnwwRbepdbrho8mTYru1/XNW/rJi3Mjrgo3rrIs67R86aEPmhmdzD3QEQUJhAJkduuwdw8zElmVWqIJQ9w==
  dependencies:
    prosemirror-state "^1.3.4"
    prosemirror-view "^1.23.6"
    tippy.js "^6.3.7"

"@tiptap/extension-bullet-list@^2.0.0-beta.26":
  version "2.0.0-beta.26"
  resolved "https://registry.yarnpkg.com/@tiptap/extension-bullet-list/-/extension-bullet-list-2.0.0-beta.26.tgz#b42126d2d984c04041b14037e8d3ec1bcf16e7ec"
  integrity sha512-1n5HV8gY1tLjPk4x48nva6SZlFHoPlRfF6pqSu9JcJxPO7FUSPxUokuz4swYNe0LRrtykfyNz44dUcxKVhoFow==

"@tiptap/extension-code-block@^2.0.0-beta.37":
  version "2.0.0-beta.37"
  resolved "https://registry.yarnpkg.com/@tiptap/extension-code-block/-/extension-code-block-2.0.0-beta.37.tgz#c07c007248a21d9e0434458fd05c363b7078227f"
  integrity sha512-mJAM+PHaNoKRYwM3D36lZ51/aoPxxvZNQn3UBnZ6G7l0ZJSgB3JvBEzqK6S8nNFeYIIxGwv4QF6vXe4MG9ie2g==
  dependencies:
    prosemirror-state "^1.3.4"

"@tiptap/extension-code@^2.0.0-beta.26":
  version "2.0.0-beta.26"
  resolved "https://registry.yarnpkg.com/@tiptap/extension-code/-/extension-code-2.0.0-beta.26.tgz#bbfa600a252ee2cded6947b56b6c4c33d998e53a"
  integrity sha512-QcFWdEFfbJ1n5UFFBD17QPPAJ3J5p/b7XV484u0shCzywO7aNPV32QeHy1z0eMoyZtCbOWf6hg/a7Ugv8IwpHw==

"@tiptap/extension-document@^2.0.0-beta.15":
  version "2.0.0-beta.15"
  resolved "https://registry.yarnpkg.com/@tiptap/extension-document/-/extension-document-2.0.0-beta.15.tgz#5d17a0289244a913ab2ef08e8495a1e46950711e"
  integrity sha512-ypENC+xUYD5m2t+KOKNYqyXnanXd5fxyIyhR1qeEEwwQwMXGNrO3kCH6O4mIDCpy+/WqHvVay2tV5dVsXnvY8w==

"@tiptap/extension-dropcursor@^2.0.0-beta.25":
  version "2.0.0-beta.25"
  resolved "https://registry.yarnpkg.com/@tiptap/extension-dropcursor/-/extension-dropcursor-2.0.0-beta.25.tgz#962f290a200259533a26194daca5a4b4a53e72d3"
  integrity sha512-GYf5s6dkZtsDy+TEkrQK6kLbfbitG4qnk02D+FlhlJMI/Nnx8rYCRJbwEHDdqrfX7XwZzULMqqqHvzxZYrEeNg==
  dependencies:
    "@types/prosemirror-dropcursor" "^1.0.3"
    prosemirror-dropcursor "^1.4.0"

"@tiptap/extension-floating-menu@^2.0.0-beta.50":
  version "2.0.0-beta.50"
  resolved "https://registry.yarnpkg.com/@tiptap/extension-floating-menu/-/extension-floating-menu-2.0.0-beta.50.tgz#e8785d5f051a848ae053ce139581dce96b951a35"
  integrity sha512-aQu1HtthMIYEPylr6kzioLxMiObLbcgwx9xZzF03KwNnkjQLbjZOeJX2RwSYVpiVgtfPBGOm3N/br6NSYec4yQ==
  dependencies:
    prosemirror-state "^1.3.4"
    prosemirror-view "^1.23.6"
    tippy.js "^6.3.7"

"@tiptap/extension-gapcursor@^2.0.0-beta.34":
  version "2.0.0-beta.34"
  resolved "https://registry.yarnpkg.com/@tiptap/extension-gapcursor/-/extension-gapcursor-2.0.0-beta.34.tgz#0e4971affb1621934422dd5fc4bf2dd7a84f70f7"
  integrity sha512-Vm8vMWWQ2kJcUOLfB5CEo5pYgyudI7JeeiZvX9ScPmUmgKVYhEpt3EAICY9pUYJ41aAVH35gZLXkUtsz2f9GHw==
  dependencies:
    "@types/prosemirror-gapcursor" "^1.0.4"
    prosemirror-gapcursor "^1.2.1"

"@tiptap/extension-hard-break@^2.0.0-beta.30":
  version "2.0.0-beta.30"
  resolved "https://registry.yarnpkg.com/@tiptap/extension-hard-break/-/extension-hard-break-2.0.0-beta.30.tgz#165494f1194a7bad08907e6d64d349dd15851b72"
  integrity sha512-X9xj/S+CikrbIE7ccUFVwit5QHEbflnKVxod+4zPwr1cxogFbE9AyLZE2MpYdx3z9LcnTYYi9leBqFrP4T/Olw==

"@tiptap/extension-heading@^2.0.0-beta.26":
  version "2.0.0-beta.26"
  resolved "https://registry.yarnpkg.com/@tiptap/extension-heading/-/extension-heading-2.0.0-beta.26.tgz#112b14b4d488772bda36abbf7cb2bc8aba7c42f5"
  integrity sha512-nR6W/3rjnZH1Swo7tGBoYsmO6xMvu9MGq6jlm3WVHCB7B3CsrRvCkTwGjVIbKTaZC4bQfx5gvAUpQFvwuU+M5w==

"@tiptap/extension-history@^2.0.0-beta.21":
  version "2.0.0-beta.21"
  resolved "https://registry.yarnpkg.com/@tiptap/extension-history/-/extension-history-2.0.0-beta.21.tgz#5d96a17a83a7130744f0757a3275dd5b11eb1bf7"
  integrity sha512-0v8Cl30V4dsabdpspLdk+f+lMoIvLFlJN5WRxtc7RRZ5gfJVxPHwooIKdvC51brfh/oJtWFCNMRjhoz0fRaF9A==
  dependencies:
    "@types/prosemirror-history" "^1.0.3"
    prosemirror-history "^1.2.0"

"@tiptap/extension-horizontal-rule@^2.0.0-beta.31":
  version "2.0.0-beta.31"
  resolved "https://registry.yarnpkg.com/@tiptap/extension-horizontal-rule/-/extension-horizontal-rule-2.0.0-beta.31.tgz#efb383a6cedbbf4f2175d7d207eaeeba626faab0"
  integrity sha512-MNc4retfjRgkv3qxqGya0+/BEd1Kmn+oMsCRvE+8x3sXyKIse+vdqMuG5qUcA6np0ZD/9hh1riiQ1GQdgc23Ng==
  dependencies:
    prosemirror-state "^1.3.4"

"@tiptap/extension-italic@^2.0.0-beta.26":
  version "2.0.0-beta.26"
  resolved "https://registry.yarnpkg.com/@tiptap/extension-italic/-/extension-italic-2.0.0-beta.26.tgz#b00c9e32b81b1bd94eaed24bb2a22e44d5dc54a3"
  integrity sha512-vejGe2ra4K5ipFOn1U9viqF9X9nPTX8WSJpSOux+9UbKjHpANy7bz69tp66OIi/Wh5L/MMDc+luH/04qfVnpZw==

"@tiptap/extension-list-item@^2.0.0-beta.20":
  version "2.0.0-beta.20"
  resolved "https://registry.yarnpkg.com/@tiptap/extension-list-item/-/extension-list-item-2.0.0-beta.20.tgz#7169528b226dee4590e013bdf6e5fc6d83729b0f"
  integrity sha512-5IPEspJt38t9ROj4xLUesOVEYlTT/R9Skd9meHRxJQZX1qrzBICs5PC/WRIsnexrvTBhdxpYgCYjpvpsJBlKuQ==

"@tiptap/extension-ordered-list@^2.0.0-beta.27":
  version "2.0.0-beta.27"
  resolved "https://registry.yarnpkg.com/@tiptap/extension-ordered-list/-/extension-ordered-list-2.0.0-beta.27.tgz#ed48a53a9b012d578613b68375db31e8664bfdc9"
  integrity sha512-apFDeignxdZb3cA3p1HJu0zw1JgJdBYUBz1r7f99qdNybYuk3I/1MPUvlOuOgvIrBB/wydoyVDP+v9F7QN3tfQ==

"@tiptap/extension-paragraph@^2.0.0-beta.23":
  version "2.0.0-beta.23"
  resolved "https://registry.yarnpkg.com/@tiptap/extension-paragraph/-/extension-paragraph-2.0.0-beta.23.tgz#2ab77308519494994d7a9e5a4acd14042f45f28c"
  integrity sha512-VWAxyzecErYWk97Kv/Gkghh97zAQTcaVOisEnYYArZAlyYDaYM48qVssAC/vnRRynP2eQxb1EkppbAxE+bMHAA==

"@tiptap/extension-strike@^2.0.0-beta.27":
  version "2.0.0-beta.27"
  resolved "https://registry.yarnpkg.com/@tiptap/extension-strike/-/extension-strike-2.0.0-beta.27.tgz#c5187bf3c28837f95a5c0c0617d0dd31c318353d"
  integrity sha512-2dmCgtesuDdivM/54Q+Y6Tc3JbGz1SkHP6c62piuqBiYLWg3xa16zChZOhfN8szbbQlBgLT6XRTDt3c2Ux+Dug==

"@tiptap/extension-text@^2.0.0-beta.15":
  version "2.0.0-beta.15"
  resolved "https://registry.yarnpkg.com/@tiptap/extension-text/-/extension-text-2.0.0-beta.15.tgz#f08cff1b78f1c6996464dfba1fef8ec1e107617f"
  integrity sha512-S3j2+HyV2gsXZP8Wg/HA+YVXQsZ3nrXgBM9HmGAxB0ESOO50l7LWfip0f3qcw1oRlh5H3iLPkA6/f7clD2/TFA==

"@tiptap/starter-kit@^2.0.0-beta.183":
  version "2.0.0-beta.183"
  resolved "https://registry.yarnpkg.com/@tiptap/starter-kit/-/starter-kit-2.0.0-beta.183.tgz#35ff9f4b236bd321ffdd44c5061514959c1b4b9d"
  integrity sha512-Lcms6lEfFfdL1oHoATcNKfu1C8+yhuZnI5Pq+U6o2zSslfnUSDf3jgmy6nSoZrrkqvFoXjQk4dxMDFg3giw2Kg==
  dependencies:
    "@tiptap/core" "^2.0.0-beta.174"
    "@tiptap/extension-blockquote" "^2.0.0-beta.26"
    "@tiptap/extension-bold" "^2.0.0-beta.26"
    "@tiptap/extension-bullet-list" "^2.0.0-beta.26"
    "@tiptap/extension-code" "^2.0.0-beta.26"
    "@tiptap/extension-code-block" "^2.0.0-beta.37"
    "@tiptap/extension-document" "^2.0.0-beta.15"
    "@tiptap/extension-dropcursor" "^2.0.0-beta.25"
    "@tiptap/extension-gapcursor" "^2.0.0-beta.34"
    "@tiptap/extension-hard-break" "^2.0.0-beta.30"
    "@tiptap/extension-heading" "^2.0.0-beta.26"
    "@tiptap/extension-history" "^2.0.0-beta.21"
    "@tiptap/extension-horizontal-rule" "^2.0.0-beta.31"
    "@tiptap/extension-italic" "^2.0.0-beta.26"
    "@tiptap/extension-list-item" "^2.0.0-beta.20"
    "@tiptap/extension-ordered-list" "^2.0.0-beta.27"
    "@tiptap/extension-paragraph" "^2.0.0-beta.23"
    "@tiptap/extension-strike" "^2.0.0-beta.27"
    "@tiptap/extension-text" "^2.0.0-beta.15"

"@tiptap/vue-3@^2.0.0-beta.90":
  version "2.0.0-beta.90"
  resolved "https://registry.yarnpkg.com/@tiptap/vue-3/-/vue-3-2.0.0-beta.90.tgz#139bfc26ce95a47fae88f9d076876e6c3ecbd878"
  integrity sha512-5QwYpwqomqD1DmEL9DVS0wXuVouzp+2CThXl9QzPxXXsE+pm03yjjk+VhNMiFkA+DaY0hhnrvtWU7n0o00ExRQ==
  dependencies:
    "@tiptap/extension-bubble-menu" "^2.0.0-beta.55"
    "@tiptap/extension-floating-menu" "^2.0.0-beta.50"
    prosemirror-state "^1.3.4"
    prosemirror-view "^1.23.6"

"@types/jest@^27.0.1":
  version "27.4.1"
  resolved "https://registry.yarnpkg.com/@types/jest/-/jest-27.4.1.tgz#185cbe2926eaaf9662d340cc02e548ce9e11ab6d"
  integrity sha512-23iPJADSmicDVrWk+HT58LMJtzLAnB2AgIzplQuq/bSrGaxCrlvRFjGbXmamnnk/mAmCdLStiGqggu28ocUyiw==
  dependencies:
    jest-matcher-utils "^27.0.0"
    pretty-format "^27.0.0"

"@types/lodash-es@^4.17.6":
  version "4.17.6"
  resolved "https://registry.yarnpkg.com/@types/lodash-es/-/lodash-es-4.17.6.tgz#c2ed4c8320ffa6f11b43eb89e9eaeec65966a0a0"
  integrity sha512-R+zTeVUKDdfoRxpAryaQNRKk3105Rrgx2CFRClIgRGaqDTdjsm8h6IYA8ir584W3ePzkZfst5xIgDwYrlh9HLg==
  dependencies:
    "@types/lodash" "*"

"@types/lodash@*", "@types/lodash@^4.14.181":
  version "4.14.181"
  resolved "https://registry.yarnpkg.com/@types/lodash/-/lodash-4.14.181.tgz#d1d3740c379fda17ab175165ba04e2d03389385d"
  integrity sha512-n3tyKthHJbkiWhDZs3DkhkCzt2MexYHXlX0td5iMplyfwketaOeKboEVBqzceH7juqvEg3q5oUoBFxSLu7zFag==

"@types/node@~17.0.5":
  version "17.0.23"
  resolved "https://registry.yarnpkg.com/@types/node/-/node-17.0.23.tgz#3b41a6e643589ac6442bdbd7a4a3ded62f33f7da"
  integrity sha512-UxDxWn7dl97rKVeVS61vErvw086aCYhDLyvRQZ5Rk65rZKepaFdm53GeqXaKBuOhED4e9uWq34IC3TdSdJJ2Gw==

"@types/orderedmap@*":
  version "1.0.0"
  resolved "https://registry.yarnpkg.com/@types/orderedmap/-/orderedmap-1.0.0.tgz#807455a192bba52cbbb4517044bc82bdbfa8c596"
  integrity sha512-dxKo80TqYx3YtBipHwA/SdFmMMyLCnP+5mkEqN0eMjcTBzHkiiX0ES118DsjDBjvD+zeSsSU9jULTZ+frog+Gw==

"@types/prosemirror-commands@*", "@types/prosemirror-commands@^1.0.4":
  version "1.0.4"
  resolved "https://registry.yarnpkg.com/@types/prosemirror-commands/-/prosemirror-commands-1.0.4.tgz#d08551415127d93ae62e7239d30db0b5e7208e22"
  integrity sha512-utDNYB3EXLjAfYIcRWJe6pn3kcQ5kG4RijbT/0Y/TFOm6yhvYS/D9eJVnijdg9LDjykapcezchxGRqFD5LcyaQ==
  dependencies:
    "@types/prosemirror-model" "*"
    "@types/prosemirror-state" "*"
    "@types/prosemirror-view" "*"

"@types/prosemirror-dropcursor@^1.0.3":
  version "1.0.3"
  resolved "https://registry.yarnpkg.com/@types/prosemirror-dropcursor/-/prosemirror-dropcursor-1.0.3.tgz#49250849b8a0b86e8c29eb1ba70a463e53e46947"
  integrity sha512-b0/8njnJ4lwyHKcGuCMf3x7r1KjxyugB1R/c2iMCjplsJHSC7UY9+OysqgJR5uUXRekUSGniiLgBtac/lvH6wg==
  dependencies:
    "@types/prosemirror-state" "*"

"@types/prosemirror-gapcursor@^1.0.4":
  version "1.0.4"
  resolved "https://registry.yarnpkg.com/@types/prosemirror-gapcursor/-/prosemirror-gapcursor-1.0.4.tgz#7df7d373edb33ea8da12084bfd462cf84cd69761"
  integrity sha512-9xKjFIG5947dzerFvkLWp6F53JwrUYoYwh3SgcTFEp8SbSfNNrez/PFYVZKPnoqPoaK5WtTdQTaMwpCV9rXQIg==
  dependencies:
    "@types/prosemirror-model" "*"
    "@types/prosemirror-state" "*"

"@types/prosemirror-history@^1.0.3":
  version "1.0.3"
  resolved "https://registry.yarnpkg.com/@types/prosemirror-history/-/prosemirror-history-1.0.3.tgz#f1110efbe758129b5475e466ff077f0a8d9b964f"
  integrity sha512-5TloMDRavgLjOAKXp1Li8u0xcsspzbT1Cm9F2pwHOkgvQOz1jWQb2VIXO7RVNsFjLBZdIXlyfSLivro3DuMWXg==
  dependencies:
    "@types/prosemirror-model" "*"
    "@types/prosemirror-state" "*"

"@types/prosemirror-keymap@^1.0.4":
  version "1.0.4"
  resolved "https://registry.yarnpkg.com/@types/prosemirror-keymap/-/prosemirror-keymap-1.0.4.tgz#f73c79810e8d0e0a20d153d84f998f02e5afbc0c"
  integrity sha512-ycevwkqUh+jEQtPwqO7sWGcm+Sybmhu8MpBsM8DlO3+YTKnXbKA6SDz/+q14q1wK3UA8lHJyfR+v+GPxfUSemg==
  dependencies:
    "@types/prosemirror-commands" "*"
    "@types/prosemirror-model" "*"
    "@types/prosemirror-state" "*"
    "@types/prosemirror-view" "*"

"@types/prosemirror-model@*", "@types/prosemirror-model@^1.16.0":
  version "1.16.1"
  resolved "https://registry.yarnpkg.com/@types/prosemirror-model/-/prosemirror-model-1.16.1.tgz#0ce6c80cd81b398b8a11b1bf7cf695bff3160c9a"
  integrity sha512-SrrCe2cHlYrQ9o55e2i/c3wt1yRajTTpRLvzfmB+2DWjWEbBLTByVWyjrdpKtQTxAaTeU2aeDGo1iuwl/jF27w==
  dependencies:
    "@types/orderedmap" "*"

"@types/prosemirror-schema-list@^1.0.3":
  version "1.0.3"
  resolved "https://registry.yarnpkg.com/@types/prosemirror-schema-list/-/prosemirror-schema-list-1.0.3.tgz#bdf1893a7915fbdc5c49b3cac9368e96213d70de"
  integrity sha512-uWybOf+M2Ea7rlbs0yLsS4YJYNGXYtn4N+w8HCw3Vvfl6wBAROzlMt0gV/D/VW/7J/LlAjwMezuGe8xi24HzXA==
  dependencies:
    "@types/orderedmap" "*"
    "@types/prosemirror-model" "*"
    "@types/prosemirror-state" "*"

"@types/prosemirror-state@*", "@types/prosemirror-state@^1.2.8":
  version "1.2.8"
  resolved "https://registry.yarnpkg.com/@types/prosemirror-state/-/prosemirror-state-1.2.8.tgz#65080eeec52f63c50bf7034377f07773b4f6b2ac"
  integrity sha512-mq9uyQWcpu8jeamO6Callrdvf/e1H/aRLR2kZWSpZrPHctEsxWHBbluD/wqVjXBRIOoMHLf6ZvOkrkmGLoCHVA==
  dependencies:
    "@types/prosemirror-model" "*"
    "@types/prosemirror-transform" "*"
    "@types/prosemirror-view" "*"

"@types/prosemirror-transform@*", "@types/prosemirror-transform@^1.1.5":
  version "1.1.6"
  resolved "https://registry.yarnpkg.com/@types/prosemirror-transform/-/prosemirror-transform-1.1.6.tgz#4a06979f656331c46c2725039a57360cc35853af"
  integrity sha512-7HwXOWc5vZQqIfEUUVAz13lPgBqAWJTv89qEpzAtBFB6hOszFmhsvQ02Jqe2LvKauAoJDa3Qpv/dbJAmgyiTuQ==
  dependencies:
    "@types/prosemirror-model" "*"

"@types/prosemirror-view@*", "@types/prosemirror-view@^1.23.1":
  version "1.23.1"
  resolved "https://registry.yarnpkg.com/@types/prosemirror-view/-/prosemirror-view-1.23.1.tgz#a9a926bb6b6e6873e3a9d8caa61c32f3402629eb"
  integrity sha512-6e1B2oKUnhmZPUrsVvYjDqeVjE6jGezygjtoHsAK4ZENAxHzHqy5NT4jUvdPTWjCYeH0t2Y7pSfRPNrPIyQX4A==
  dependencies:
    "@types/prosemirror-model" "*"
    "@types/prosemirror-state" "*"
    "@types/prosemirror-transform" "*"

"@vitejs/plugin-vue@^2.0.0":
  version "2.3.1"
  resolved "https://registry.yarnpkg.com/@vitejs/plugin-vue/-/plugin-vue-2.3.1.tgz#5f286b8d3515381c6d5c8fa8eee5e6335f727e14"
  integrity sha512-YNzBt8+jt6bSwpt7LP890U1UcTOIZZxfpE5WOJ638PNxSEKOqAi0+FSKS0nVeukfdZ0Ai/H7AFd6k3hayfGZqQ==

"@vue/compiler-core@3.2.32":
  version "3.2.32"
  resolved "https://registry.yarnpkg.com/@vue/compiler-core/-/compiler-core-3.2.32.tgz#a0be08214c55ae48092b413d8b552c0573e3a883"
  integrity sha512-bRQ8Rkpm/aYFElDWtKkTPHeLnX5pEkNxhPUcqu5crEJIilZH0yeFu/qUAcV4VfSE2AudNPkQSOwMZofhnuutmA==
  dependencies:
    "@babel/parser" "^7.16.4"
    "@vue/shared" "3.2.32"
    estree-walker "^2.0.2"
    source-map "^0.6.1"

"@vue/compiler-dom@3.2.32":
  version "3.2.32"
  resolved "https://registry.yarnpkg.com/@vue/compiler-dom/-/compiler-dom-3.2.32.tgz#8ddae1ee463c18c5c3353c4716ec7c84ee29e5ad"
  integrity sha512-maa3PNB/NxR17h2hDQfcmS02o1f9r9QIpN1y6fe8tWPrS1E4+q8MqrvDDQNhYVPd84rc3ybtyumrgm9D5Rf/kg==
  dependencies:
    "@vue/compiler-core" "3.2.32"
    "@vue/shared" "3.2.32"

"@vue/compiler-sfc@3.2.32":
  version "3.2.32"
  resolved "https://registry.yarnpkg.com/@vue/compiler-sfc/-/compiler-sfc-3.2.32.tgz#63e09762812b985aa97876fb5cc3265ba8990a8a"
  integrity sha512-uO6+Gh3AVdWm72lRRCjMr8nMOEqc6ezT9lWs5dPzh1E9TNaJkMYPaRtdY9flUv/fyVQotkfjY/ponjfR+trPSg==
  dependencies:
    "@babel/parser" "^7.16.4"
    "@vue/compiler-core" "3.2.32"
    "@vue/compiler-dom" "3.2.32"
    "@vue/compiler-ssr" "3.2.32"
    "@vue/reactivity-transform" "3.2.32"
    "@vue/shared" "3.2.32"
    estree-walker "^2.0.2"
    magic-string "^0.25.7"
    postcss "^8.1.10"
    source-map "^0.6.1"

"@vue/compiler-ssr@3.2.32":
  version "3.2.32"
  resolved "https://registry.yarnpkg.com/@vue/compiler-ssr/-/compiler-ssr-3.2.32.tgz#06cf7539c483ba4a25b30bd6741e440c222d4c02"
  integrity sha512-ZklVUF/SgTx6yrDUkaTaBL/JMVOtSocP+z5Xz/qIqqLdW/hWL90P+ob/jOQ0Xc/om57892Q7sRSrex0wujOL2Q==
  dependencies:
    "@vue/compiler-dom" "3.2.32"
    "@vue/shared" "3.2.32"

"@vue/devtools-api@^6.0.0":
  version "6.1.4"
  resolved "https://registry.yarnpkg.com/@vue/devtools-api/-/devtools-api-6.1.4.tgz#b4aec2f4b4599e11ba774a50c67fa378c9824e53"
  integrity sha512-IiA0SvDrJEgXvVxjNkHPFfDx6SXw0b/TUkqMcDZWNg9fnCAHbTpoo59YfJ9QLFkwa3raau5vSlRVzMSLDnfdtQ==

"@vue/reactivity-transform@3.2.32":
  version "3.2.32"
  resolved "https://registry.yarnpkg.com/@vue/reactivity-transform/-/reactivity-transform-3.2.32.tgz#974fd2a1e682e962fbc5840be8432ac4ab8650d3"
  integrity sha512-CW1W9zaJtE275tZSWIfQKiPG0iHpdtSlmTqYBu7Y62qvtMgKG5yOxtvBs4RlrZHlaqFSE26avLAgQiTp4YHozw==
  dependencies:
    "@babel/parser" "^7.16.4"
    "@vue/compiler-core" "3.2.32"
    "@vue/shared" "3.2.32"
    estree-walker "^2.0.2"
    magic-string "^0.25.7"

"@vue/reactivity@3.2.32":
  version "3.2.32"
  resolved "https://registry.yarnpkg.com/@vue/reactivity/-/reactivity-3.2.32.tgz#a859c8ab28a297d14a46cbd450bf70b3f6f87fac"
  integrity sha512-4zaDumuyDqkuhbb63hRd+YHFGopW7srFIWesLUQ2su/rJfWrSq3YUvoKAJE8Eu1EhZ2Q4c1NuwnEreKj1FkDxA==
  dependencies:
    "@vue/shared" "3.2.32"

"@vue/runtime-core@3.2.32":
  version "3.2.32"
  resolved "https://registry.yarnpkg.com/@vue/runtime-core/-/runtime-core-3.2.32.tgz#8f8875dc032f99991bafb72070327ae5584a08dd"
  integrity sha512-uKKzK6LaCnbCJ7rcHvsK0azHLGpqs+Vi9B28CV1mfWVq1F3Bj8Okk3cX+5DtD06aUh4V2bYhS2UjjWiUUKUF0w==
  dependencies:
    "@vue/reactivity" "3.2.32"
    "@vue/shared" "3.2.32"

"@vue/runtime-dom@3.2.32":
  version "3.2.32"
  resolved "https://registry.yarnpkg.com/@vue/runtime-dom/-/runtime-dom-3.2.32.tgz#53a8be5c9d72105faf4d11d10202063e9a29c39c"
  integrity sha512-AmlIg+GPqjkNoADLjHojEX5RGcAg+TsgXOOcUrtDHwKvA8mO26EnLQLB8nylDjU6AMJh2CIYn8NEgyOV5ZIScQ==
  dependencies:
    "@vue/runtime-core" "3.2.32"
    "@vue/shared" "3.2.32"
    csstype "^2.6.8"

"@vue/server-renderer@3.2.32":
  version "3.2.32"
  resolved "https://registry.yarnpkg.com/@vue/server-renderer/-/server-renderer-3.2.32.tgz#432e0cb766feabe3b97956ae37b8f75c239f2c37"
  integrity sha512-TYKpZZfRJpGTTiy/s6bVYwQJpAUx3G03z4G7/3O18M11oacrMTVHaHjiPuPqf3xQtY8R4LKmQ3EOT/DRCA/7Wg==
  dependencies:
    "@vue/compiler-ssr" "3.2.32"
    "@vue/shared" "3.2.32"

"@vue/shared@3.2.32":
  version "3.2.32"
  resolved "https://registry.yarnpkg.com/@vue/shared/-/shared-3.2.32.tgz#1ca0c3b8c03a5e24129156e171df736b2c1d645f"
  integrity sha512-bjcixPErUsAnTQRQX4Z5IQnICYjIfNCyCl8p29v1M6kfVzvwOICPw+dz48nNuWlTOOx2RHhzHdazJibE8GSnsw==

ansi-regex@^5.0.1:
  version "5.0.1"
  resolved "https://registry.yarnpkg.com/ansi-regex/-/ansi-regex-5.0.1.tgz#082cb2c89c9fe8659a311a53bd6a4dc5301db304"
  integrity sha512-quJQXlTSUGL2LH9SUXo8VwsY4soanhgo6LNSm84E1LBcE8s3O0wpdiRzyR9z/ZZJMlMWv37qOOb9pdJlMUEKFQ==

ansi-styles@^4.1.0:
  version "4.3.0"
  resolved "https://registry.yarnpkg.com/ansi-styles/-/ansi-styles-4.3.0.tgz#edd803628ae71c04c85ae7a0906edad34b648937"
  integrity sha512-zbB9rCJAT1rbjiVDb2hqKFHNYLxgtk8NURxZ3IZwD3F6NtxbXZQCnnSi1Lkx+IDohdPlFp222wVALIheZJQSEg==
  dependencies:
    color-convert "^2.0.1"

ansi-styles@^5.0.0:
  version "5.2.0"
  resolved "https://registry.yarnpkg.com/ansi-styles/-/ansi-styles-5.2.0.tgz#07449690ad45777d1924ac2abb2fc8895dba836b"
  integrity sha512-Cxwpt2SfTzTtXcfOlzGEee8O+c+MmUgGrNiBcXnuWxuFJHe6a5Hz7qwhwe5OgaSYI0IJvkLqWX1ASG+cJOkEiA==

async-validator@^4.0.7:
  version "4.0.7"
  resolved "https://registry.yarnpkg.com/async-validator/-/async-validator-4.0.7.tgz#034a0fd2103a6b2ebf010da75183bec299247afe"
  integrity sha512-Pj2IR7u8hmUEDOwB++su6baaRi+QvsgajuFB9j95foM1N2gy5HM4z60hfusIO0fBPG5uLAEl6yCJr1jNSVugEQ==

chalk@^4.0.0:
  version "4.1.2"
  resolved "https://registry.yarnpkg.com/chalk/-/chalk-4.1.2.tgz#aac4e2b7734a740867aeb16bf02aad556a1e7a01"
  integrity sha512-oKnbhFyRIXpUuez8iBMmyEa4nbj4IOQyuhc/wy9kY7/WVPcwIO9VA668Pu8RkO7+0G76SLROeyw9CpQ061i4mA==
  dependencies:
    ansi-styles "^4.1.0"
    supports-color "^7.1.0"

color-convert@^2.0.1:
  version "2.0.1"
  resolved "https://registry.yarnpkg.com/color-convert/-/color-convert-2.0.1.tgz#72d3a68d598c9bdb3af2ad1e84f21d896abd4de3"
  integrity sha512-RRECPsj7iu/xb5oKYcsFHSppFNnsj/52OVTRKb4zP5onXwVF3zVmmToNcOfGC+CRDpfK/U584fMg38ZHCaElKQ==
  dependencies:
    color-name "~1.1.4"

color-name@~1.1.4:
  version "1.1.4"
  resolved "https://registry.yarnpkg.com/color-name/-/color-name-1.1.4.tgz#c2a09a87acbde69543de6f63fa3995c826c536a2"
  integrity sha512-dOy+3AuW3a2wNbZHIuMZpTcgjGuLU/uBL/ubcZF9OXbDo8ff4O8yVp5Bf0efS8uEoYo5q4Fx7dY9OgQGXgAsQA==

css-render@^0.15.7, css-render@^0.15.9:
  version "0.15.9"
  resolved "https://registry.yarnpkg.com/css-render/-/css-render-0.15.9.tgz#1bf0d3fe4d1202a236c38f2e9cf7915c0f0c6751"
  integrity sha512-FMVcWsVipKEBR/mVf1+pIjCRQdztILVKxbp8TN5/Vf0Q/fdTq0OIb8JRW/pk7PP1eeWnB/ejQ0MNBe7ELjLblg==
  dependencies:
    "@emotion/hash" "~0.8.0"
    "@types/node" "~17.0.5"
    csstype "~3.0.5"

csstype@^2.6.8:
  version "2.6.20"
  resolved "https://registry.yarnpkg.com/csstype/-/csstype-2.6.20.tgz#9229c65ea0b260cf4d3d997cb06288e36a8d6dda"
  integrity sha512-/WwNkdXfckNgw6S5R125rrW8ez139lBHWouiBvX8dfMFtcn6V81REDqnH7+CRpRipfYlyU1CmOnOxrmGcFOjeA==

csstype@~3.0.5:
  version "3.0.11"
  resolved "https://registry.yarnpkg.com/csstype/-/csstype-3.0.11.tgz#d66700c5eacfac1940deb4e3ee5642792d85cd33"
  integrity sha512-sa6P2wJ+CAbgyy4KFssIb/JNMLxFvKF1pCYCSXS8ZMuqZnMsrxqI2E5sPyoTpxoPU/gVZMzr2zjOfg8GIZOMsw==

date-fns-tz@^1.3.3:
  version "1.3.3"
  resolved "https://registry.yarnpkg.com/date-fns-tz/-/date-fns-tz-1.3.3.tgz#7884a4b3ed6cd95bfd81831d608e5ef8be500c86"
  integrity sha512-Gks46gwbSauBQnV3Oofluj1wTm8J0tM7sbSJ9P+cJq/ZnTCpMohTKmmO5Tn+jQ7dyn0+b8G7cY4O2DZ5P/LXcA==

date-fns@^2.28.0:
  version "2.28.0"
  resolved "https://registry.yarnpkg.com/date-fns/-/date-fns-2.28.0.tgz#9570d656f5fc13143e50c975a3b6bbeb46cd08b2"
  integrity sha512-8d35hViGYx/QH0icHYCeLmsLmMUheMmTyV9Fcm6gvNwdw31yXXH+O85sOBJ+OLnLQMKZowvpKb6FgMIQjcpvQw==

diff-sequences@^27.5.1:
  version "27.5.1"
  resolved "https://registry.yarnpkg.com/diff-sequences/-/diff-sequences-27.5.1.tgz#eaecc0d327fd68c8d9672a1e64ab8dccb2ef5327"
  integrity sha512-k1gCAXAsNgLwEL+Y8Wvl+M6oEFj5bgazfZULpS5CneoPPXRaCCW7dm+q21Ky2VEE5X+VeRDBVg1Pcvvsr4TtNQ==

esbuild-android-64@0.14.36:
  version "0.14.36"
  resolved "https://registry.yarnpkg.com/esbuild-android-64/-/esbuild-android-64-0.14.36.tgz#fc5f95ce78c8c3d790fa16bc71bd904f2bb42aa1"
  integrity sha512-jwpBhF1jmo0tVCYC/ORzVN+hyVcNZUWuozGcLHfod0RJCedTDTvR4nwlTXdx1gtncDqjk33itjO+27OZHbiavw==

esbuild-android-arm64@0.14.36:
  version "0.14.36"
  resolved "https://registry.yarnpkg.com/esbuild-android-arm64/-/esbuild-android-arm64-0.14.36.tgz#44356fbb9f8de82a5cdf11849e011dfb3ad0a8a8"
  integrity sha512-/hYkyFe7x7Yapmfv4X/tBmyKnggUmdQmlvZ8ZlBnV4+PjisrEhAvC3yWpURuD9XoB8Wa1d5dGkTsF53pIvpjsg==

esbuild-darwin-64@0.14.36:
  version "0.14.36"
  resolved "https://registry.yarnpkg.com/esbuild-darwin-64/-/esbuild-darwin-64-0.14.36.tgz#3d9324b21489c70141665c2e740d6e84f16f725d"
  integrity sha512-kkl6qmV0dTpyIMKagluzYqlc1vO0ecgpviK/7jwPbRDEv5fejRTaBBEE2KxEQbTHcLhiiDbhG7d5UybZWo/1zQ==

esbuild-darwin-arm64@0.14.36:
  version "0.14.36"
  resolved "https://registry.yarnpkg.com/esbuild-darwin-arm64/-/esbuild-darwin-arm64-0.14.36.tgz#2a8040c2e465131e5281034f3c72405e643cb7b2"
  integrity sha512-q8fY4r2Sx6P0Pr3VUm//eFYKVk07C5MHcEinU1BjyFnuYz4IxR/03uBbDwluR6ILIHnZTE7AkTUWIdidRi1Jjw==

esbuild-freebsd-64@0.14.36:
  version "0.14.36"
  resolved "https://registry.yarnpkg.com/esbuild-freebsd-64/-/esbuild-freebsd-64-0.14.36.tgz#d82c387b4d01fe9e8631f97d41eb54f2dbeb68a3"
  integrity sha512-Hn8AYuxXXRptybPqoMkga4HRFE7/XmhtlQjXFHoAIhKUPPMeJH35GYEUWGbjteai9FLFvBAjEAlwEtSGxnqWww==

esbuild-freebsd-arm64@0.14.36:
  version "0.14.36"
  resolved "https://registry.yarnpkg.com/esbuild-freebsd-arm64/-/esbuild-freebsd-arm64-0.14.36.tgz#e8ce2e6c697da6c7ecd0cc0ac821d47c5ab68529"
  integrity sha512-S3C0attylLLRiCcHiJd036eDEMOY32+h8P+jJ3kTcfhJANNjP0TNBNL30TZmEdOSx/820HJFgRrqpNAvTbjnDA==

esbuild-linux-32@0.14.36:
  version "0.14.36"
  resolved "https://registry.yarnpkg.com/esbuild-linux-32/-/esbuild-linux-32-0.14.36.tgz#a4a261e2af91986ea62451f2db712a556cb38a15"
  integrity sha512-Eh9OkyTrEZn9WGO4xkI3OPPpUX7p/3QYvdG0lL4rfr73Ap2HAr6D9lP59VMF64Ex01LhHSXwIsFG/8AQjh6eNw==

esbuild-linux-64@0.14.36:
  version "0.14.36"
  resolved "https://registry.yarnpkg.com/esbuild-linux-64/-/esbuild-linux-64-0.14.36.tgz#4a9500f9197e2c8fcb884a511d2c9d4c2debde72"
  integrity sha512-vFVFS5ve7PuwlfgoWNyRccGDi2QTNkQo/2k5U5ttVD0jRFaMlc8UQee708fOZA6zTCDy5RWsT5MJw3sl2X6KDg==

esbuild-linux-arm64@0.14.36:
  version "0.14.36"
  resolved "https://registry.yarnpkg.com/esbuild-linux-arm64/-/esbuild-linux-arm64-0.14.36.tgz#c91c21e25b315464bd7da867365dd1dae14ca176"
  integrity sha512-24Vq1M7FdpSmaTYuu1w0Hdhiqkbto1I5Pjyi+4Cdw5fJKGlwQuw+hWynTcRI/cOZxBcBpP21gND7W27gHAiftw==

esbuild-linux-arm@0.14.36:
  version "0.14.36"
  resolved "https://registry.yarnpkg.com/esbuild-linux-arm/-/esbuild-linux-arm-0.14.36.tgz#90e23bca2e6e549affbbe994f80ba3bb6c4d934a"
  integrity sha512-NhgU4n+NCsYgt7Hy61PCquEz5aevI6VjQvxwBxtxrooXsxt5b2xtOUXYZe04JxqQo+XZk3d1gcr7pbV9MAQ/Lg==

esbuild-linux-mips64le@0.14.36:
  version "0.14.36"
  resolved "https://registry.yarnpkg.com/esbuild-linux-mips64le/-/esbuild-linux-mips64le-0.14.36.tgz#40e11afb08353ff24709fc89e4db0f866bc131d2"
  integrity sha512-hZUeTXvppJN+5rEz2EjsOFM9F1bZt7/d2FUM1lmQo//rXh1RTFYzhC0txn7WV0/jCC7SvrGRaRz0NMsRPf8SIA==

esbuild-linux-ppc64le@0.14.36:
  version "0.14.36"
  resolved "https://registry.yarnpkg.com/esbuild-linux-ppc64le/-/esbuild-linux-ppc64le-0.14.36.tgz#9e8a588c513d06cc3859f9dcc52e5fdfce8a1a5e"
  integrity sha512-1Bg3QgzZjO+QtPhP9VeIBhAduHEc2kzU43MzBnMwpLSZ890azr4/A9Dganun8nsqD/1TBcqhId0z4mFDO8FAvg==

esbuild-linux-riscv64@0.14.36:
  version "0.14.36"
  resolved "https://registry.yarnpkg.com/esbuild-linux-riscv64/-/esbuild-linux-riscv64-0.14.36.tgz#e578c09b23b3b97652e60e3692bfda628b541f06"
  integrity sha512-dOE5pt3cOdqEhaufDRzNCHf5BSwxgygVak9UR7PH7KPVHwSTDAZHDoEjblxLqjJYpc5XaU9+gKJ9F8mp9r5I4A==

esbuild-linux-s390x@0.14.36:
  version "0.14.36"
  resolved "https://registry.yarnpkg.com/esbuild-linux-s390x/-/esbuild-linux-s390x-0.14.36.tgz#3c9dab40d0d69932ffded0fd7317bb403626c9bc"
  integrity sha512-g4FMdh//BBGTfVHjF6MO7Cz8gqRoDPzXWxRvWkJoGroKA18G9m0wddvPbEqcQf5Tbt2vSc1CIgag7cXwTmoTXg==

esbuild-netbsd-64@0.14.36:
  version "0.14.36"
  resolved "https://registry.yarnpkg.com/esbuild-netbsd-64/-/esbuild-netbsd-64-0.14.36.tgz#e27847f6d506218291619b8c1e121ecd97628494"
  integrity sha512-UB2bVImxkWk4vjnP62ehFNZ73lQY1xcnL5ZNYF3x0AG+j8HgdkNF05v67YJdCIuUJpBuTyCK8LORCYo9onSW+A==

esbuild-openbsd-64@0.14.36:
  version "0.14.36"
  resolved "https://registry.yarnpkg.com/esbuild-openbsd-64/-/esbuild-openbsd-64-0.14.36.tgz#c94c04c557fae516872a586eae67423da6d2fabb"
  integrity sha512-NvGB2Chf8GxuleXRGk8e9zD3aSdRO5kLt9coTQbCg7WMGXeX471sBgh4kSg8pjx0yTXRt0MlrUDnjVYnetyivg==

esbuild-sunos-64@0.14.36:
  version "0.14.36"
  resolved "https://registry.yarnpkg.com/esbuild-sunos-64/-/esbuild-sunos-64-0.14.36.tgz#9b79febc0df65a30f1c9bd63047d1675511bf99d"
  integrity sha512-VkUZS5ftTSjhRjuRLp+v78auMO3PZBXu6xl4ajomGenEm2/rGuWlhFSjB7YbBNErOchj51Jb2OK8lKAo8qdmsQ==

esbuild-windows-32@0.14.36:
  version "0.14.36"
  resolved "https://registry.yarnpkg.com/esbuild-windows-32/-/esbuild-windows-32-0.14.36.tgz#910d11936c8d2122ffdd3275e5b28d8a4e1240ec"
  integrity sha512-bIar+A6hdytJjZrDxfMBUSEHHLfx3ynoEZXx/39nxy86pX/w249WZm8Bm0dtOAByAf4Z6qV0LsnTIJHiIqbw0w==

esbuild-windows-64@0.14.36:
  version "0.14.36"
  resolved "https://registry.yarnpkg.com/esbuild-windows-64/-/esbuild-windows-64-0.14.36.tgz#21b4ce8b42a4efc63f4b58ec617f1302448aad26"
  integrity sha512-+p4MuRZekVChAeueT1Y9LGkxrT5x7YYJxYE8ZOTcEfeUUN43vktSn6hUNsvxzzATrSgq5QqRdllkVBxWZg7KqQ==

esbuild-windows-arm64@0.14.36:
  version "0.14.36"
  resolved "https://registry.yarnpkg.com/esbuild-windows-arm64/-/esbuild-windows-arm64-0.14.36.tgz#ba21546fecb7297667d0052d00150de22c044b24"
  integrity sha512-fBB4WlDqV1m18EF/aheGYQkQZHfPHiHJSBYzXIo8yKehek+0BtBwo/4PNwKGJ5T0YK0oc8pBKjgwPbzSrPLb+Q==

esbuild@^0.14.27:
  version "0.14.36"
  resolved "https://registry.yarnpkg.com/esbuild/-/esbuild-0.14.36.tgz#0023a73eab57886ac5605df16ee421e471a971b3"
  integrity sha512-HhFHPiRXGYOCRlrhpiVDYKcFJRdO0sBElZ668M4lh2ER0YgnkLxECuFe7uWCf23FrcLc59Pqr7dHkTqmRPDHmw==
  optionalDependencies:
    esbuild-android-64 "0.14.36"
    esbuild-android-arm64 "0.14.36"
    esbuild-darwin-64 "0.14.36"
    esbuild-darwin-arm64 "0.14.36"
    esbuild-freebsd-64 "0.14.36"
    esbuild-freebsd-arm64 "0.14.36"
    esbuild-linux-32 "0.14.36"
    esbuild-linux-64 "0.14.36"
    esbuild-linux-arm "0.14.36"
    esbuild-linux-arm64 "0.14.36"
    esbuild-linux-mips64le "0.14.36"
    esbuild-linux-ppc64le "0.14.36"
    esbuild-linux-riscv64 "0.14.36"
    esbuild-linux-s390x "0.14.36"
    esbuild-netbsd-64 "0.14.36"
    esbuild-openbsd-64 "0.14.36"
    esbuild-sunos-64 "0.14.36"
    esbuild-windows-32 "0.14.36"
    esbuild-windows-64 "0.14.36"
    esbuild-windows-arm64 "0.14.36"

estree-walker@^2.0.2:
  version "2.0.2"
  resolved "https://registry.yarnpkg.com/estree-walker/-/estree-walker-2.0.2.tgz#52f010178c2a4c117a7757cfe942adb7d2da4cac"
  integrity sha512-Rfkk/Mp/DL7JVje3u18FxFujQlTNR2q6QfMSMB7AvCBx91NGj/ba3kCfza0f6dVDbw7YlRf/nDrn7pQrCCyQ/w==

evtd@^0.2.2, evtd@^0.2.3:
  version "0.2.3"
  resolved "https://registry.yarnpkg.com/evtd/-/evtd-0.2.3.tgz#185158d533b4440ee831a0fa0cffde16e8bda504"
  integrity sha512-tmiT1YUVqFjTY+BSBOAskL83xNx41iUfpvKP6Gcd/xMHjg3mnER98jXGXJyKnxCG19uPc6EhZiUC+MUyvoqCtw==

fsevents@~2.3.2:
  version "2.3.2"
  resolved "https://registry.yarnpkg.com/fsevents/-/fsevents-2.3.2.tgz#8a526f78b8fdf4623b709e0b975c52c24c02fd1a"
  integrity sha512-xiqMQR4xAeHTuB9uWm+fFRcIOgKBMiOBP+eXiyT7jsgVCq1bkVygt00oASowB7EdtpOHaaPgKt812P9ab+DDKA==

function-bind@^1.1.1:
  version "1.1.1"
  resolved "https://registry.yarnpkg.com/function-bind/-/function-bind-1.1.1.tgz#a56899d3ea3c9bab874bb9773b7c5ede92f4895d"
  integrity sha512-yIovAzMX49sF8Yl58fSCWJ5svSLuaibPxXQJFLmBObTuCr0Mf1KiPopGM9NiFjiYBCbfaa2Fh6breQ6ANVTI0A==

has-flag@^4.0.0:
  version "4.0.0"
  resolved "https://registry.yarnpkg.com/has-flag/-/has-flag-4.0.0.tgz#944771fd9c81c81265c4d6941860da06bb59479b"
  integrity sha512-EykJT/Q1KjTWctppgIAgfSO0tKVuZUjhgMr17kqTumMl6Afv3EISleU7qZUzoXDFTAHTDC4NOoG/ZxU3EvlMPQ==

has@^1.0.3:
  version "1.0.3"
  resolved "https://registry.yarnpkg.com/has/-/has-1.0.3.tgz#722d7cbfc1f6aa8241f16dd814e011e1f41e8796"
  integrity sha512-f2dvO0VU6Oej7RkWJGrehjbzMAjFp5/VKPp5tTpWIV4JHHZK1/BxbFRtf/siA2SWTe09caDmVtYYzWEIbBS4zw==
  dependencies:
    function-bind "^1.1.1"

highlight.js@^11.5.0:
  version "11.5.1"
  resolved "https://registry.yarnpkg.com/highlight.js/-/highlight.js-11.5.1.tgz#027c24e4509e2f4dcd00b4a6dda542ce0a1f7aea"
  integrity sha512-LKzHqnxr4CrD2YsNoIf/o5nJ09j4yi/GcH5BnYz9UnVpZdS4ucMgvP61TDty5xJcFGRjnH4DpujkS9bHT3hq0Q==

is-core-module@^2.8.1:
  version "2.8.1"
  resolved "https://registry.yarnpkg.com/is-core-module/-/is-core-module-2.8.1.tgz#f59fdfca701d5879d0a6b100a40aa1560ce27211"
  integrity sha512-SdNCUs284hr40hFTFP6l0IfZ/RSrMXF3qgoRHd3/79unUTvrFO/JoXwkGm+5J/Oe3E/b5GsnG330uUNgRpu1PA==
  dependencies:
    has "^1.0.3"

jest-diff@^27.5.1:
  version "27.5.1"
  resolved "https://registry.yarnpkg.com/jest-diff/-/jest-diff-27.5.1.tgz#a07f5011ac9e6643cf8a95a462b7b1ecf6680def"
  integrity sha512-m0NvkX55LDt9T4mctTEgnZk3fmEg3NRYutvMPWM/0iPnkFj2wIeF45O1718cMSOFO1vINkqmxqD8vE37uTEbqw==
  dependencies:
    chalk "^4.0.0"
    diff-sequences "^27.5.1"
    jest-get-type "^27.5.1"
    pretty-format "^27.5.1"

jest-get-type@^27.5.1:
  version "27.5.1"
  resolved "https://registry.yarnpkg.com/jest-get-type/-/jest-get-type-27.5.1.tgz#3cd613c507b0f7ace013df407a1c1cd578bcb4f1"
  integrity sha512-2KY95ksYSaK7DMBWQn6dQz3kqAf3BB64y2udeG+hv4KfSOb9qwcYQstTJc1KCbsix+wLZWZYN8t7nwX3GOBLRw==

jest-matcher-utils@^27.0.0:
  version "27.5.1"
  resolved "https://registry.yarnpkg.com/jest-matcher-utils/-/jest-matcher-utils-27.5.1.tgz#9c0cdbda8245bc22d2331729d1091308b40cf8ab"
  integrity sha512-z2uTx/T6LBaCoNWNFWwChLBKYxTMcGBRjAt+2SbP929/Fflb9aa5LGma654Rz8z9HLxsrUaYzxE9T/EFIL/PAw==
  dependencies:
    chalk "^4.0.0"
    jest-diff "^27.5.1"
    jest-get-type "^27.5.1"
    pretty-format "^27.5.1"

lodash-es@^4.17.21:
  version "4.17.21"
  resolved "https://registry.yarnpkg.com/lodash-es/-/lodash-es-4.17.21.tgz#43e626c46e6591b7750beb2b50117390c609e3ee"
  integrity sha512-mKnC+QJ9pWVzv+C4/U3rRsHapFfHvQFoFB92e52xeyGMcX6/OlIl78je1u8vePzYZSkkogMPJ2yjxxsb89cxyw==

lodash@^4.17.21:
  version "4.17.21"
  resolved "https://registry.yarnpkg.com/lodash/-/lodash-4.17.21.tgz#679591c564c3bffaae8454cf0b3df370c3d6911c"
  integrity sha512-v2kDEe57lecTulaDIuNTPy3Ry4gLGJ6Z1O3vE1krgXZNrsQ+LFTGHVxVjcXPs17LhbZVGedAJv8XZ1tvj5FvSg==

magic-string@^0.25.7:
  version "0.25.9"
  resolved "https://registry.yarnpkg.com/magic-string/-/magic-string-0.25.9.tgz#de7f9faf91ef8a1c91d02c2e5314c8277dbcdd1c"
  integrity sha512-RmF0AsMzgt25qzqqLc1+MbHmhdx0ojF2Fvs4XnOqz2ZOBXzzkEwc/dJQZCYHAn7v1jbVOjAZfK8msRn4BxO4VQ==
  dependencies:
    sourcemap-codec "^1.4.8"

naive-ui@^2.28.0:
  version "2.28.0"
  resolved "https://registry.yarnpkg.com/naive-ui/-/naive-ui-2.28.0.tgz#c84e7a6f83843e4f11c1c439bda24f1c35c17bac"
  integrity sha512-/yXMF0nrciLrs5Os88omN4dbKlLU7D51lU60+di/o2dx7faJM7wsiXa0nS1fwTGTF9L19x6GBGSvBTxYtvx+lg==
  dependencies:
    "@css-render/plugin-bem" "^0.15.9"
    "@css-render/vue3-ssr" "^0.15.9"
    "@types/lodash" "^4.14.181"
    "@types/lodash-es" "^4.17.6"
    async-validator "^4.0.7"
    css-render "^0.15.9"
    date-fns "^2.28.0"
    date-fns-tz "^1.3.3"
    evtd "^0.2.3"
    highlight.js "^11.5.0"
    lodash "^4.17.21"
    lodash-es "^4.17.21"
    seemly "^0.3.3"
    treemate "^0.3.11"
    vdirs "^0.1.8"
    vfonts "^0.0.3"
    vooks "^0.2.12"
    vueuc "^0.4.28"

nanoid@^3.3.1:
  version "3.3.2"
  resolved "https://registry.yarnpkg.com/nanoid/-/nanoid-3.3.2.tgz#c89622fafb4381cd221421c69ec58547a1eec557"
  integrity sha512-CuHBogktKwpm5g2sRgv83jEy2ijFzBwMoYA60orPDR7ynsLijJDqgsi4RDGj3OJpy3Ieb+LYwiRmIOGyytgITA==

orderedmap@^1.1.0:
  version "1.1.5"
  resolved "https://registry.yarnpkg.com/orderedmap/-/orderedmap-1.1.5.tgz#4174c90b61bd7c25294932edf789f3b5677744d0"
  integrity sha512-/fzlCGKRmfayGoI9UUXvJfc2nMZlJHW30QqEvwPvlg8tsX7jyiUSomYie6mYqx7Z9bOMGoag0H/q1PS/0PjYkg==

path-parse@^1.0.7:
  version "1.0.7"
  resolved "https://registry.yarnpkg.com/path-parse/-/path-parse-1.0.7.tgz#fbc114b60ca42b30d9daf5858e4bd68bbedb6735"
  integrity sha512-LDJzPVEEEPR+y48z93A0Ed0yXb8pAByGWo/k5YYdYgpY2/2EsOsksJrq7lOHxryrVOn1ejG6oAp8ahvOIQD8sw==

picocolors@^1.0.0:
  version "1.0.0"
  resolved "https://registry.yarnpkg.com/picocolors/-/picocolors-1.0.0.tgz#cb5bdc74ff3f51892236eaf79d68bc44564ab81c"
  integrity sha512-1fygroTLlHu66zi26VoTDv8yRgm0Fccecssto+MhsZ0D/DGW2sm8E8AjW7NU5VVTRt5GxbeZ5qBuJr+HyLYkjQ==

postcss@^8.1.10, postcss@^8.4.12:
  version "8.4.12"
  resolved "https://registry.yarnpkg.com/postcss/-/postcss-8.4.12.tgz#1e7de78733b28970fa4743f7da6f3763648b1905"
  integrity sha512-lg6eITwYe9v6Hr5CncVbK70SoioNQIq81nsaG86ev5hAidQvmOeETBqs7jm43K2F5/Ley3ytDtriImV6TpNiSg==
  dependencies:
    nanoid "^3.3.1"
    picocolors "^1.0.0"
    source-map-js "^1.0.2"

pretty-format@^27.0.0, pretty-format@^27.5.1:
  version "27.5.1"
  resolved "https://registry.yarnpkg.com/pretty-format/-/pretty-format-27.5.1.tgz#2181879fdea51a7a5851fb39d920faa63f01d88e"
  integrity sha512-Qb1gy5OrP5+zDf2Bvnzdl3jsTf1qXVMazbvCoKhtKqVs4/YK4ozX4gKQJJVyNe+cajNPn0KoC0MC3FUmaHWEmQ==
  dependencies:
    ansi-regex "^5.0.1"
    ansi-styles "^5.0.0"
    react-is "^17.0.1"

prosemirror-commands@^1.2.1:
  version "1.2.2"
  resolved "https://registry.yarnpkg.com/prosemirror-commands/-/prosemirror-commands-1.2.2.tgz#1bd167372ee20abf488aca9cece63c43fab182c9"
  integrity sha512-TX+KpWudMon06frryfpO/u7hsQv2hu8L4VSVbCpi3/7wXHBgl+35mV85qfa3RpT8xD2f3MdeoTqH0vy5JdbXPg==
  dependencies:
    prosemirror-model "^1.0.0"
    prosemirror-state "^1.0.0"
    prosemirror-transform "^1.0.0"

prosemirror-dropcursor@^1.4.0:
  version "1.4.0"
  resolved "https://registry.yarnpkg.com/prosemirror-dropcursor/-/prosemirror-dropcursor-1.4.0.tgz#91a859d4ee79c99b1c0ba6ee61c093b195c0d9f0"
  integrity sha512-6+YwTjmqDwlA/Dm+5wK67ezgqgjA/MhSDgaNxKUzH97SmeuWFXyLeDRxxOPZeSo7yTxcDGUCWTEjmQZsVBuMrQ==
  dependencies:
    prosemirror-state "^1.0.0"
    prosemirror-transform "^1.1.0"
    prosemirror-view "^1.1.0"

prosemirror-gapcursor@^1.2.1:
  version "1.2.2"
  resolved "https://registry.yarnpkg.com/prosemirror-gapcursor/-/prosemirror-gapcursor-1.2.2.tgz#7394613ba4a1601fad1f36f1cff8961968c22ffa"
  integrity sha512-7YzuRBbu9W7HGQde84kCHfIjaRLNcAdeijbgqrm/R9dsdTWkV+rrdcmic/sCc+bptiNpvjCEE+R6hrbT8zFQeQ==
  dependencies:
    prosemirror-keymap "^1.0.0"
    prosemirror-model "^1.0.0"
    prosemirror-state "^1.0.0"
    prosemirror-view "^1.0.0"

prosemirror-history@^1.2.0:
  version "1.2.0"
  resolved "https://registry.yarnpkg.com/prosemirror-history/-/prosemirror-history-1.2.0.tgz#04cc4df8d2f7b2a46651a2780de191ada6d465ea"
  integrity sha512-B9v9xtf4fYbKxQwIr+3wtTDNLDZcmMMmGiI3TAPShnUzvo+Rmv1GiUrsQChY1meetHl7rhML2cppF3FTs7f7UQ==
  dependencies:
    prosemirror-state "^1.2.2"
    prosemirror-transform "^1.0.0"
    rope-sequence "^1.3.0"

prosemirror-keymap@^1.0.0, prosemirror-keymap@^1.1.5:
  version "1.1.5"
  resolved "https://registry.yarnpkg.com/prosemirror-keymap/-/prosemirror-keymap-1.1.5.tgz#b5984c7d30f5c75956c853126c54e9e624c0327b"
  integrity sha512-8SZgPH3K+GLsHL2wKuwBD9rxhsbnVBTwpHCO4VUO5GmqUQlxd/2GtBVWTsyLq4Dp3N9nGgPd3+lZFKUDuVp+Vw==
  dependencies:
    prosemirror-state "^1.0.0"
    w3c-keyname "^2.2.0"

prosemirror-model@^1.0.0, prosemirror-model@^1.16.0, prosemirror-model@^1.16.1:
  version "1.16.1"
  resolved "https://registry.yarnpkg.com/prosemirror-model/-/prosemirror-model-1.16.1.tgz#fb388270bc9609b66298d6a7e15d0cc1d6c61253"
  integrity sha512-r1/w0HDU40TtkXp0DyKBnFPYwd8FSlUSJmGCGFv4DeynfeSlyQF2FD0RQbVEMOe6P3PpUSXM6LZBV7W/YNZ4mA==
  dependencies:
    orderedmap "^1.1.0"

prosemirror-schema-list@^1.1.6:
  version "1.1.6"
  resolved "https://registry.yarnpkg.com/prosemirror-schema-list/-/prosemirror-schema-list-1.1.6.tgz#c3e13fe2f74750e4a53ff88d798dc0c4ccca6707"
  integrity sha512-aFGEdaCWmJzouZ8DwedmvSsL50JpRkqhQ6tcpThwJONVVmCgI36LJHtoQ4VGZbusMavaBhXXr33zyD2IVsTlkw==
  dependencies:
    prosemirror-model "^1.0.0"
    prosemirror-transform "^1.0.0"

prosemirror-state@^1.0.0, prosemirror-state@^1.2.2, prosemirror-state@^1.3.4:
  version "1.3.4"
  resolved "https://registry.yarnpkg.com/prosemirror-state/-/prosemirror-state-1.3.4.tgz#4c6b52628216e753fc901c6d2bfd84ce109e8952"
  integrity sha512-Xkkrpd1y/TQ6HKzN3agsQIGRcLckUMA9u3j207L04mt8ToRgpGeyhbVv0HI7omDORIBHjR29b7AwlATFFf2GLA==
  dependencies:
    prosemirror-model "^1.0.0"
    prosemirror-transform "^1.0.0"

prosemirror-transform@^1.0.0, prosemirror-transform@^1.1.0, prosemirror-transform@^1.3.3:
  version "1.4.2"
  resolved "https://registry.yarnpkg.com/prosemirror-transform/-/prosemirror-transform-1.4.2.tgz#35f56091bcab3359f1eb90e82ce9f20cc52105c1"
  integrity sha512-bcIsf3uRZhfab0xRfyyxOEh6eqSszq/hJbDbmUumFnbHBoWhB/uXbpz6vvUxfk0XiEvrZDJ+5pXRrNDc1Hu3vQ==
  dependencies:
    prosemirror-model "^1.0.0"

prosemirror-view@^1.0.0, prosemirror-view@^1.1.0, prosemirror-view@^1.23.6:
  version "1.23.12"
  resolved "https://registry.yarnpkg.com/prosemirror-view/-/prosemirror-view-1.23.12.tgz#196436a964abbd25a7d8efad879575e80d286ba6"
  integrity sha512-uvw9ZVz5dNDD9w1bzHkU2r4NWFlpFz85v9rCD8NAhQBau6LYhwM/crjry+C4JgeR8gy6pMXS5eJ1zhNLcK4ctQ==
  dependencies:
    prosemirror-model "^1.16.0"
    prosemirror-state "^1.0.0"
    prosemirror-transform "^1.1.0"

react-is@^17.0.1:
  version "17.0.2"
  resolved "https://registry.yarnpkg.com/react-is/-/react-is-17.0.2.tgz#e691d4a8e9c789365655539ab372762b0efb54f0"
  integrity sha512-w2GsyukL62IJnlaff/nRegPQR94C/XXamvMWmSHRJ4y7Ts/4ocGRmTHvOs8PSE6pB3dWOrD/nueuU5sduBsQ4w==

resize-observer-polyfill@^1.5.1:
  version "1.5.1"
  resolved "https://registry.yarnpkg.com/resize-observer-polyfill/-/resize-observer-polyfill-1.5.1.tgz#0e9020dd3d21024458d4ebd27e23e40269810464"
  integrity sha512-LwZrotdHOo12nQuZlHEmtuXdqGoOD0OhaxopaNFxWzInpEgaLWoVuAMbTzixuosCx2nEG58ngzW3vxdWoxIgdg==

resolve@^1.22.0:
  version "1.22.0"
  resolved "https://registry.yarnpkg.com/resolve/-/resolve-1.22.0.tgz#5e0b8c67c15df57a89bdbabe603a002f21731198"
  integrity sha512-Hhtrw0nLeSrFQ7phPp4OOcVjLPIeMnRlr5mcnVuMe7M/7eBn98A3hmFRLoFo3DLZkivSYwhRUJTyPyWAk56WLw==
  dependencies:
    is-core-module "^2.8.1"
    path-parse "^1.0.7"
    supports-preserve-symlinks-flag "^1.0.0"

rollup@^2.59.0:
  version "2.70.1"
  resolved "https://registry.yarnpkg.com/rollup/-/rollup-2.70.1.tgz#824b1f1f879ea396db30b0fc3ae8d2fead93523e"
  integrity sha512-CRYsI5EuzLbXdxC6RnYhOuRdtz4bhejPMSWjsFLfVM/7w/85n2szZv6yExqUXsBdz5KT8eoubeyDUDjhLHEslA==
  optionalDependencies:
    fsevents "~2.3.2"

rope-sequence@^1.3.0:
  version "1.3.2"
  resolved "https://registry.yarnpkg.com/rope-sequence/-/rope-sequence-1.3.2.tgz#a19e02d72991ca71feb6b5f8a91154e48e3c098b"
  integrity sha512-ku6MFrwEVSVmXLvy3dYph3LAMNS0890K7fabn+0YIRQ2T96T9F4gkFf0vf0WW0JUraNWwGRtInEpH7yO4tbQZg==

seemly@^0.3.1, seemly@^0.3.3:
  version "0.3.3"
  resolved "https://registry.yarnpkg.com/seemly/-/seemly-0.3.3.tgz#a6482f374e042f873f63dc7622cb1529c251574e"
  integrity sha512-mAyqemz41e9HiZPMXAn7NtTExJgztwco5cdZjrt/iViU/oFeav+Q8K1c93M/tIZZ00QkT65JMr4xXQk7Vv5hWQ==
  dependencies:
    "@types/jest" "^27.0.1"

source-map-js@^1.0.2:
  version "1.0.2"
  resolved "https://registry.yarnpkg.com/source-map-js/-/source-map-js-1.0.2.tgz#adbc361d9c62df380125e7f161f71c826f1e490c"
  integrity sha512-R0XvVJ9WusLiqTCEiGCmICCMplcCkIwwR11mOSD9CR5u+IXYdiseeEuXCVAjS54zqwkLcPNnmU4OeJ6tUrWhDw==

source-map@^0.6.1:
  version "0.6.1"
  resolved "https://registry.yarnpkg.com/source-map/-/source-map-0.6.1.tgz#74722af32e9614e9c287a8d0bbde48b5e2f1a263"
  integrity sha512-UjgapumWlbMhkBgzT7Ykc5YXUT46F0iKu8SGXq0bcwP5dz/h0Plj6enJqjz1Zbq2l5WaqYnrVbwWOWMyF3F47g==

sourcemap-codec@^1.4.8:
  version "1.4.8"
  resolved "https://registry.yarnpkg.com/sourcemap-codec/-/sourcemap-codec-1.4.8.tgz#ea804bd94857402e6992d05a38ef1ae35a9ab4c4"
  integrity sha512-9NykojV5Uih4lgo5So5dtw+f0JgJX30KCNI8gwhz2J9A15wD0Ml6tjHKwf6fTSa6fAdVBdZeNOs9eJ71qCk8vA==

supports-color@^7.1.0:
  version "7.2.0"
  resolved "https://registry.yarnpkg.com/supports-color/-/supports-color-7.2.0.tgz#1b7dcdcb32b8138801b3e478ba6a51caa89648da"
  integrity sha512-qpCAvRl9stuOHveKsn7HncJRvv501qIacKzQlO/+Lwxc9+0q2wLyv4Dfvt80/DPn2pqOBsJdDiogXGR9+OvwRw==
  dependencies:
    has-flag "^4.0.0"

supports-preserve-symlinks-flag@^1.0.0:
  version "1.0.0"
  resolved "https://registry.yarnpkg.com/supports-preserve-symlinks-flag/-/supports-preserve-symlinks-flag-1.0.0.tgz#6eda4bd344a3c94aea376d4cc31bc77311039e09"
  integrity sha512-ot0WnXS9fgdkgIcePe6RHNk1WA8+muPa6cSjeR3V8K27q9BB1rTE3R1p7Hv0z1ZyAc8s6Vvv8DIyWf681MAt0w==

tippy.js@^6.3.7:
  version "6.3.7"
  resolved "https://registry.yarnpkg.com/tippy.js/-/tippy.js-6.3.7.tgz#8ccfb651d642010ed9a32ff29b0e9e19c5b8c61c"
  integrity sha512-E1d3oP2emgJ9dRQZdf3Kkn0qJgI6ZLpyS5z6ZkY1DF3kaQaBsGZsndEpHwx+eC+tYM41HaSNvNtLx8tU57FzTQ==
  dependencies:
    "@popperjs/core" "^2.9.0"

treemate@^0.3.11:
  version "0.3.11"
  resolved "https://registry.yarnpkg.com/treemate/-/treemate-0.3.11.tgz#7d52f8f69ab9ce326f8d139e0a3d1ffb25e48222"
  integrity sha512-M8RGFoKtZ8dF+iwJfAJTOH/SM4KluKOKRJpjCMhI8bG3qB74zrFoArKZ62ll0Fr3mqkMJiQOmWYkdYgDeITYQg==

vdirs@^0.1.4, vdirs@^0.1.8:
  version "0.1.8"
  resolved "https://registry.yarnpkg.com/vdirs/-/vdirs-0.1.8.tgz#a103bc43baca738f8dea912a7e9737154a19dbc2"
  integrity sha512-H9V1zGRLQZg9b+GdMk8MXDN2Lva0zx72MPahDKc30v+DtwKjfyOSXWRIX4t2mhDubM1H09gPhWeth/BJWPHGUw==
  dependencies:
    evtd "^0.2.2"

vfonts@^0.0.3:
  version "0.0.3"
  resolved "https://registry.yarnpkg.com/vfonts/-/vfonts-0.0.3.tgz#999d66fecea18efee3f2b966c81101ae8ce01a29"
  integrity sha512-nguyw8L6Un8eelg1vQ31vIU2ESxqid7EYmy8V+MDeMaHBqaRSkg3dTBToC1PR00D89UzS/SLkfYPnx0Wf23IQQ==

vite@^2.9.1:
  version "2.9.1"
  resolved "https://registry.yarnpkg.com/vite/-/vite-2.9.1.tgz#84bce95fae210a7beb566a0af06246748066b48f"
  integrity sha512-vSlsSdOYGcYEJfkQ/NeLXgnRv5zZfpAsdztkIrs7AZHV8RCMZQkwjo4DS5BnrYTqoWqLoUe1Cah4aVO4oNNqCQ==
  dependencies:
    esbuild "^0.14.27"
    postcss "^8.4.12"
    resolve "^1.22.0"
    rollup "^2.59.0"
  optionalDependencies:
    fsevents "~2.3.2"

vooks@^0.2.12, vooks@^0.2.4:
  version "0.2.12"
  resolved "https://registry.yarnpkg.com/vooks/-/vooks-0.2.12.tgz#2b6e23330b77bac81c7f7a344c4ca3e9f4f6c373"
  integrity sha512-iox0I3RZzxtKlcgYaStQYKEzWWGAduMmq+jS7OrNdQo1FgGfPMubGL3uGHOU9n97NIvfFDBGnpSvkWyb/NSn/Q==
  dependencies:
    evtd "^0.2.2"

vue-router@^4.0.14:
  version "4.0.14"
  resolved "https://registry.yarnpkg.com/vue-router/-/vue-router-4.0.14.tgz#ce2028c1c5c33e30c7287950c973f397fce1bd65"
  integrity sha512-wAO6zF9zxA3u+7AkMPqw9LjoUCjSxfFvINQj3E/DceTt6uEz1XZLraDhdg2EYmvVwTBSGlLYsUw8bDmx0754Mw==
  dependencies:
    "@vue/devtools-api" "^6.0.0"

vue@^3.2.25:
  version "3.2.32"
  resolved "https://registry.yarnpkg.com/vue/-/vue-3.2.32.tgz#a09840e237384c673f421ff7280c4469714f2ac0"
  integrity sha512-6L3jKZApF042OgbCkh+HcFeAkiYi3Lovi8wNhWqIK98Pi5efAMLZzRHgi91v+60oIRxdJsGS9sTMsb+yDpY8Eg==
  dependencies:
    "@vue/compiler-dom" "3.2.32"
    "@vue/compiler-sfc" "3.2.32"
    "@vue/runtime-dom" "3.2.32"
    "@vue/server-renderer" "3.2.32"
    "@vue/shared" "3.2.32"

vueuc@^0.4.28:
  version "0.4.28"
  resolved "https://registry.yarnpkg.com/vueuc/-/vueuc-0.4.28.tgz#9d705bfc2eaf150921340ea5c05d2de659a2e326"
  integrity sha512-Udr1ROwJocHIThA5G+H5qN1QEFI4pskDvl+w/2Ul2XIjaAeIuQ6ygEOKHOXRJqKX5PxcTi1QQUpb7yQWsDw7ww==
  dependencies:
    "@css-render/vue3-ssr" "^0.15.7"
    css-render "^0.15.7"
    evtd "^0.2.2"
    resize-observer-polyfill "^1.5.1"
    seemly "^0.3.1"
    vdirs "^0.1.4"
    vooks "^0.2.4"

w3c-keyname@^2.2.0:
  version "2.2.4"
  resolved "https://registry.yarnpkg.com/w3c-keyname/-/w3c-keyname-2.2.4.tgz#4ade6916f6290224cdbd1db8ac49eab03d0eef6b"
  integrity sha512-tOhfEwEzFLJzf6d1ZPkYfGj+FWhIpBux9ppoP3rlclw3Z0BZv3N7b7030Z1kYth+6rDuAsXUFr+d0VE6Ed1ikw==
